
Microsoft Visual Studio Solution File, Format Version 12.00
# Visual Studio Version 17
VisualStudioVersion = 17.14.36623.8
MinimumVisualStudioVersion = 10.0.40219.1
Project("{FAE04EC0-301F-11D3-BF4B-00C04F79EFBC}") = "Quizdom", "Quizdom\Quizdom.csproj", "{968B7044-3B9E-4B09-AAA0-0B7AECC84E50}"
EndProject
Global
	GlobalSection(SolutionConfigurationPlatforms) = preSolution
		Debug|Any CPU = Debug|Any CPU
		Release|Any CPU = Release|Any CPU
	EndGlobalSection
	GlobalSection(ProjectConfigurationPlatforms) = postSolution
		{968B7044-3B9E-4B09-AAA0-0B7AECC84E50}.Debug|Any CPU.ActiveCfg = Debug|Any CPU
		{968B7044-3B9E-4B09-AAA0-0B7AECC84E50}.Debug|Any CPU.Build.0 = Debug|Any CPU
		{968B7044-3B9E-4B09-AAA0-0B7AECC84E50}.Release|Any CPU.ActiveCfg = Release|Any CPU
		{968B7044-3B9E-4B09-AAA0-0B7AECC84E50}.Release|Any CPU.Build.0 = Release|Any CPU
	EndGlobalSection
	GlobalSection(SolutionProperties) = preSolution
		HideSolutionNode = FALSE
	EndGlobalSection
	GlobalSection(ExtensibilityGlobals) = postSolution
		SolutionGuid = {394F6CD6-8753-403B-B32B-70AE40C07730}
	EndGlobalSection
EndGlobal
